<?xml version="1.0" encoding="utf-8"?>
<Project ToolsVersion="15.0" xmlns="http://schemas.microsoft.com/developer/msbuild/2003">
  <ItemGroup>
    <CustomBuild Include="C:\Development\op3d_active\harfbuzz-2.4.0\msvc\CMakeFiles\c4591e953518cfb7a7f3de6317fd61dc\INSTALL_force.rule">
      <Filter>CMake Rules</Filter>
    </CustomBuild>
  </ItemGroup>
  <ItemGroup>
    <Filter Include="CMake Rules">
      <UniqueIdentifier>{18618EDD-7129-357F-82EC-FC1386EA0F93}</UniqueIdentifier>
    </Filter>
  </ItemGroup>
</Project>
